// !$*UTF8*$!
{
	archiveVersion = 1;
	classes = {
	};
	objectVersion = 50;
	objects = {

/* Begin PBXBuildFile section */
		21029303278133170010777D /* InputGatheringViewModel.swift in Sources */ = {isa = PBXBuildFile; fileRef = 21029302278133170010777D /* InputGatheringViewModel.swift */; };
		214AF2152763E8DA003F2546 /* WebViewController.swift in Sources */ = {isa = PBXBuildFile; fileRef = 214AF2142763E8DA003F2546 /* WebViewController.swift */; };
		214AF2172763E949003F2546 /* HomeOptionCell.swift in Sources */ = {isa = PBXBuildFile; fileRef = 214AF2162763E949003F2546 /* HomeOptionCell.swift */; };
		214AF21B2763F357003F2546 /* HomeViewModel.swift in Sources */ = {isa = PBXBuildFile; fileRef = 214AF21A2763F357003F2546 /* HomeViewModel.swift */; };
		214AF21D2763F8FE003F2546 /* MobileViewController.swift in Sources */ = {isa = PBXBuildFile; fileRef = 214AF21C2763F8FE003F2546 /* MobileViewController.swift */; };
		214AF21F2763F920003F2546 /* HistoryViewController.swift in Sources */ = {isa = PBXBuildFile; fileRef = 214AF21E2763F920003F2546 /* HistoryViewController.swift */; };
		214AF22127642A1D003F2546 /* UITextField+Ext.swift in Sources */ = {isa = PBXBuildFile; fileRef = 214AF22027642A1D003F2546 /* UITextField+Ext.swift */; };
		214AF22327642BF2003F2546 /* UIButton+Ext.swift in Sources */ = {isa = PBXBuildFile; fileRef = 214AF22227642BF2003F2546 /* UIButton+Ext.swift */; };
		214AF22527643213003F2546 /* UILabel+Ext.swift in Sources */ = {isa = PBXBuildFile; fileRef = 214AF22427643213003F2546 /* UILabel+Ext.swift */; };
		214F54CD2755A07B00901C56 /* AppAppearance.swift in Sources */ = {isa = PBXBuildFile; fileRef = 214F54CC2755A07B00901C56 /* AppAppearance.swift */; };
		214F54D12755A15B00901C56 /* TextLogo.swift in Sources */ = {isa = PBXBuildFile; fileRef = 214F54D02755A15B00901C56 /* TextLogo.swift */; };
		214F54D42755A1B000901C56 /* aAlloyInk.ttf in Resources */ = {isa = PBXBuildFile; fileRef = 214F54D32755A1B000901C56 /* aAlloyInk.ttf */; };
		214F54DC2755AAC000901C56 /* UIView+Ext.swift in Sources */ = {isa = PBXBuildFile; fileRef = 214F54DB2755AAC000901C56 /* UIView+Ext.swift */; };
		214F54DF2755AD6000901C56 /* SegmentedControl.swift in Sources */ = {isa = PBXBuildFile; fileRef = 214F54DE2755AD6000901C56 /* SegmentedControl.swift */; };
		21885C8A276816EE00B94A65 /* InputPreviewViewController.swift in Sources */ = {isa = PBXBuildFile; fileRef = 21885C89276816EE00B94A65 /* InputPreviewViewController.swift */; };
		21885C8D276817BC00B94A65 /* InputPreviewViewModel.swift in Sources */ = {isa = PBXBuildFile; fileRef = 21885C8C276817BC00B94A65 /* InputPreviewViewModel.swift */; };
		21885C8F27681C1600B94A65 /* UIEdgeInsets+Ext.swift in Sources */ = {isa = PBXBuildFile; fileRef = 21885C8E27681C1600B94A65 /* UIEdgeInsets+Ext.swift */; };
		21885C91276821A000B94A65 /* UIImage+Ext.swift in Sources */ = {isa = PBXBuildFile; fileRef = 21885C90276821A000B94A65 /* UIImage+Ext.swift */; };
		21AD1155275407060033C7EF /* AppDelegate.swift in Sources */ = {isa = PBXBuildFile; fileRef = 21AD1154275407060033C7EF /* AppDelegate.swift */; };
		21AD1157275407060033C7EF /* SceneDelegate.swift in Sources */ = {isa = PBXBuildFile; fileRef = 21AD1156275407060033C7EF /* SceneDelegate.swift */; };
		21AD1159275407060033C7EF /* HomeViewController.swift in Sources */ = {isa = PBXBuildFile; fileRef = 21AD1158275407060033C7EF /* HomeViewController.swift */; };
		21AD115E275407060033C7EF /* Assets.xcassets in Resources */ = {isa = PBXBuildFile; fileRef = 21AD115D275407060033C7EF /* Assets.xcassets */; };
		21AD1161275407060033C7EF /* LaunchScreen.storyboard in Resources */ = {isa = PBXBuildFile; fileRef = 21AD115F275407060033C7EF /* LaunchScreen.storyboard */; };
		21AD7C68277CE9B40036DC0D /* InputGatheringViewController.swift in Sources */ = {isa = PBXBuildFile; fileRef = 21AD7C67277CE9B40036DC0D /* InputGatheringViewController.swift */; };
		21ECE593275D8EA100364631 /* SegmentedControl+Accessory.swift in Sources */ = {isa = PBXBuildFile; fileRef = 21ECE592275D8EA100364631 /* SegmentedControl+Accessory.swift */; };
/* End PBXBuildFile section */

/* Begin PBXFileReference section */
		21029302278133170010777D /* InputGatheringViewModel.swift */ = {isa = PBXFileReference; lastKnownFileType = sourcecode.swift; path = InputGatheringViewModel.swift; sourceTree = "<group>"; };
		214AF2142763E8DA003F2546 /* WebViewController.swift */ = {isa = PBXFileReference; lastKnownFileType = sourcecode.swift; path = WebViewController.swift; sourceTree = "<group>"; };
		214AF2162763E949003F2546 /* HomeOptionCell.swift */ = {isa = PBXFileReference; lastKnownFileType = sourcecode.swift; path = HomeOptionCell.swift; sourceTree = "<group>"; };
		214AF21A2763F357003F2546 /* HomeViewModel.swift */ = {isa = PBXFileReference; lastKnownFileType = sourcecode.swift; path = HomeViewModel.swift; sourceTree = "<group>"; };
		214AF21C2763F8FE003F2546 /* MobileViewController.swift */ = {isa = PBXFileReference; lastKnownFileType = sourcecode.swift; path = MobileViewController.swift; sourceTree = "<group>"; };
		214AF21E2763F920003F2546 /* HistoryViewController.swift */ = {isa = PBXFileReference; lastKnownFileType = sourcecode.swift; path = HistoryViewController.swift; sourceTree = "<group>"; };
		214AF22027642A1D003F2546 /* UITextField+Ext.swift */ = {isa = PBXFileReference; lastKnownFileType = sourcecode.swift; path = "UITextField+Ext.swift"; sourceTree = "<group>"; };
		214AF22227642BF2003F2546 /* UIButton+Ext.swift */ = {isa = PBXFileReference; lastKnownFileType = sourcecode.swift; path = "UIButton+Ext.swift"; sourceTree = "<group>"; };
		214AF22427643213003F2546 /* UILabel+Ext.swift */ = {isa = PBXFileReference; lastKnownFileType = sourcecode.swift; path = "UILabel+Ext.swift"; sourceTree = "<group>"; };
		214F54CC2755A07B00901C56 /* AppAppearance.swift */ = {isa = PBXFileReference; lastKnownFileType = sourcecode.swift; path = AppAppearance.swift; sourceTree = "<group>"; };
		214F54D02755A15B00901C56 /* TextLogo.swift */ = {isa = PBXFileReference; lastKnownFileType = sourcecode.swift; path = TextLogo.swift; sourceTree = "<group>"; };
		214F54D32755A1B000901C56 /* aAlloyInk.ttf */ = {isa = PBXFileReference; lastKnownFileType = file; path = aAlloyInk.ttf; sourceTree = "<group>"; };
		214F54DB2755AAC000901C56 /* UIView+Ext.swift */ = {isa = PBXFileReference; lastKnownFileType = sourcecode.swift; path = "UIView+Ext.swift"; sourceTree = "<group>"; };
		214F54DE2755AD6000901C56 /* SegmentedControl.swift */ = {isa = PBXFileReference; lastKnownFileType = sourcecode.swift; path = SegmentedControl.swift; sourceTree = "<group>"; };
		21885C89276816EE00B94A65 /* InputPreviewViewController.swift */ = {isa = PBXFileReference; lastKnownFileType = sourcecode.swift; path = InputPreviewViewController.swift; sourceTree = "<group>"; };
		21885C8C276817BC00B94A65 /* InputPreviewViewModel.swift */ = {isa = PBXFileReference; lastKnownFileType = sourcecode.swift; path = InputPreviewViewModel.swift; sourceTree = "<group>"; };
		21885C8E27681C1600B94A65 /* UIEdgeInsets+Ext.swift */ = {isa = PBXFileReference; lastKnownFileType = sourcecode.swift; path = "UIEdgeInsets+Ext.swift"; sourceTree = "<group>"; };
		21885C90276821A000B94A65 /* UIImage+Ext.swift */ = {isa = PBXFileReference; lastKnownFileType = sourcecode.swift; path = "UIImage+Ext.swift"; sourceTree = "<group>"; };
		21AD1151275407060033C7EF /* OctoDollop.app */ = {isa = PBXFileReference; explicitFileType = wrapper.application; includeInIndex = 0; path = OctoDollop.app; sourceTree = BUILT_PRODUCTS_DIR; };
		21AD1154275407060033C7EF /* AppDelegate.swift */ = {isa = PBXFileReference; lastKnownFileType = sourcecode.swift; path = AppDelegate.swift; sourceTree = "<group>"; };
		21AD1156275407060033C7EF /* SceneDelegate.swift */ = {isa = PBXFileReference; lastKnownFileType = sourcecode.swift; path = SceneDelegate.swift; sourceTree = "<group>"; };
		21AD1158275407060033C7EF /* HomeViewController.swift */ = {isa = PBXFileReference; lastKnownFileType = sourcecode.swift; path = HomeViewController.swift; sourceTree = "<group>"; };
		21AD115D275407060033C7EF /* Assets.xcassets */ = {isa = PBXFileReference; lastKnownFileType = folder.assetcatalog; path = Assets.xcassets; sourceTree = "<group>"; };
		21AD1160275407060033C7EF /* Base */ = {isa = PBXFileReference; lastKnownFileType = file.storyboard; name = Base; path = Base.lproj/LaunchScreen.storyboard; sourceTree = "<group>"; };
		21AD1162275407060033C7EF /* Info.plist */ = {isa = PBXFileReference; lastKnownFileType = text.plist.xml; path = Info.plist; sourceTree = "<group>"; };
		21AD7C67277CE9B40036DC0D /* InputGatheringViewController.swift */ = {isa = PBXFileReference; lastKnownFileType = sourcecode.swift; path = InputGatheringViewController.swift; sourceTree = "<group>"; };
		21ECE592275D8EA100364631 /* SegmentedControl+Accessory.swift */ = {isa = PBXFileReference; lastKnownFileType = sourcecode.swift; path = "SegmentedControl+Accessory.swift"; sourceTree = "<group>"; };
/* End PBXFileReference section */

/* Begin PBXFrameworksBuildPhase section */
		21AD114E275407060033C7EF /* Frameworks */ = {
			isa = PBXFrameworksBuildPhase;
			buildActionMask = 2147483647;
			files = (
			);
			runOnlyForDeploymentPostprocessing = 0;
		};
/* End PBXFrameworksBuildPhase section */

/* Begin PBXGroup section */
		214AF2182763F332003F2546 /* ViewModels */ = {
			isa = PBXGroup;
			children = (
				21885C8B276817AE00B94A65 /* Input */,
				214AF2192763F34B003F2546 /* Home */,
			);
			path = ViewModels;
			sourceTree = "<group>";
		};
		214AF2192763F34B003F2546 /* Home */ = {
			isa = PBXGroup;
			children = (
				214AF21A2763F357003F2546 /* HomeViewModel.swift */,
			);
			path = Home;
			sourceTree = "<group>";
		};
		214F54CB2755A05700901C56 /* Appearance */ = {
			isa = PBXGroup;
			children = (
				214F54D22755A19800901C56 /* Fonts */,
				214F54CC2755A07B00901C56 /* AppAppearance.swift */,
			);
			path = Appearance;
			sourceTree = "<group>";
		};
		214F54CE2755A13A00901C56 /* Views */ = {
			isa = PBXGroup;
			children = (
				214F54DA2755AAA000901C56 /* Extensions */,
				214F54DD2755AD4400901C56 /* Home */,
				214F54CF2755A14100901C56 /* Shared */,
			);
			path = Views;
			sourceTree = "<group>";
		};
		214F54CF2755A14100901C56 /* Shared */ = {
			isa = PBXGroup;
			children = (
				214F54D02755A15B00901C56 /* TextLogo.swift */,
			);
			path = Shared;
			sourceTree = "<group>";
		};
		214F54D22755A19800901C56 /* Fonts */ = {
			isa = PBXGroup;
			children = (
				214F54D32755A1B000901C56 /* aAlloyInk.ttf */,
			);
			path = Fonts;
			sourceTree = "<group>";
		};
		214F54D82755A4CE00901C56 /* ViewControllers */ = {
			isa = PBXGroup;
			children = (
				21885C882768167D00B94A65 /* Input */,
				214F54D92755A4E300901C56 /* Home */,
			);
			path = ViewControllers;
			sourceTree = "<group>";
		};
		214F54D92755A4E300901C56 /* Home */ = {
			isa = PBXGroup;
			children = (
				21AD1158275407060033C7EF /* HomeViewController.swift */,
				214AF2142763E8DA003F2546 /* WebViewController.swift */,
				214AF21C2763F8FE003F2546 /* MobileViewController.swift */,
				214AF21E2763F920003F2546 /* HistoryViewController.swift */,
			);
			path = Home;
			sourceTree = "<group>";
		};
		214F54DA2755AAA000901C56 /* Extensions */ = {
			isa = PBXGroup;
			children = (
				214F54DB2755AAC000901C56 /* UIView+Ext.swift */,
				214AF22027642A1D003F2546 /* UITextField+Ext.swift */,
				214AF22227642BF2003F2546 /* UIButton+Ext.swift */,
				214AF22427643213003F2546 /* UILabel+Ext.swift */,
				21885C8E27681C1600B94A65 /* UIEdgeInsets+Ext.swift */,
				21885C90276821A000B94A65 /* UIImage+Ext.swift */,
			);
			path = Extensions;
			sourceTree = "<group>";
		};
		214F54DD2755AD4400901C56 /* Home */ = {
			isa = PBXGroup;
			children = (
				21ECE591275D8E7800364631 /* SegmentedControl */,
				214AF2162763E949003F2546 /* HomeOptionCell.swift */,
			);
			path = Home;
			sourceTree = "<group>";
		};
		21885C882768167D00B94A65 /* Input */ = {
			isa = PBXGroup;
			children = (
				21885C89276816EE00B94A65 /* InputPreviewViewController.swift */,
				21AD7C67277CE9B40036DC0D /* InputGatheringViewController.swift */,
			);
			path = Input;
			sourceTree = "<group>";
		};
		21885C8B276817AE00B94A65 /* Input */ = {
			isa = PBXGroup;
			children = (
				21885C8C276817BC00B94A65 /* InputPreviewViewModel.swift */,
				21029302278133170010777D /* InputGatheringViewModel.swift */,
			);
			path = Input;
			sourceTree = "<group>";
		};
		21AD1148275407060033C7EF = {
			isa = PBXGroup;
			children = (
				21AD1153275407060033C7EF /* OctoDollop */,
				21AD1152275407060033C7EF /* Products */,
			);
			sourceTree = "<group>";
		};
		21AD1152275407060033C7EF /* Products */ = {
			isa = PBXGroup;
			children = (
				21AD1151275407060033C7EF /* OctoDollop.app */,
			);
			name = Products;
			sourceTree = "<group>";
		};
		21AD1153275407060033C7EF /* OctoDollop */ = {
			isa = PBXGroup;
			children = (
				21AD1154275407060033C7EF /* AppDelegate.swift */,
				21AD1156275407060033C7EF /* SceneDelegate.swift */,
				214F54CB2755A05700901C56 /* Appearance */,
				214F54CE2755A13A00901C56 /* Views */,
				214AF2182763F332003F2546 /* ViewModels */,
				214F54D82755A4CE00901C56 /* ViewControllers */,
				21AD115D275407060033C7EF /* Assets.xcassets */,
				21AD115F275407060033C7EF /* LaunchScreen.storyboard */,
				21AD1162275407060033C7EF /* Info.plist */,
			);
			path = OctoDollop;
			sourceTree = "<group>";
		};
		21ECE591275D8E7800364631 /* SegmentedControl */ = {
			isa = PBXGroup;
			children = (
				214F54DE2755AD6000901C56 /* SegmentedControl.swift */,
				21ECE592275D8EA100364631 /* SegmentedControl+Accessory.swift */,
			);
			path = SegmentedControl;
			sourceTree = "<group>";
		};
/* End PBXGroup section */

/* Begin PBXNativeTarget section */
		21AD1150275407060033C7EF /* OctoDollop */ = {
			isa = PBXNativeTarget;
			buildConfigurationList = 21AD1165275407060033C7EF /* Build configuration list for PBXNativeTarget "OctoDollop" */;
			buildPhases = (
				21AD114D275407060033C7EF /* Sources */,
				21AD114E275407060033C7EF /* Frameworks */,
				21AD114F275407060033C7EF /* Resources */,
			);
			buildRules = (
			);
			dependencies = (
			);
			name = OctoDollop;
			productName = OctoDollop;
			productReference = 21AD1151275407060033C7EF /* OctoDollop.app */;
			productType = "com.apple.product-type.application";
		};
/* End PBXNativeTarget section */

/* Begin PBXProject section */
		21AD1149275407060033C7EF /* Project object */ = {
			isa = PBXProject;
			attributes = {
				LastSwiftUpdateCheck = 1250;
				LastUpgradeCheck = 1250;
				TargetAttributes = {
					21AD1150275407060033C7EF = {
						CreatedOnToolsVersion = 12.5.1;
					};
				};
			};
			buildConfigurationList = 21AD114C275407060033C7EF /* Build configuration list for PBXProject "OctoDollop" */;
			compatibilityVersion = "Xcode 9.3";
			developmentRegion = en;
			hasScannedForEncodings = 0;
			knownRegions = (
				en,
				Base,
			);
			mainGroup = 21AD1148275407060033C7EF;
			productRefGroup = 21AD1152275407060033C7EF /* Products */;
			projectDirPath = "";
			projectRoot = "";
			targets = (
				21AD1150275407060033C7EF /* OctoDollop */,
			);
		};
/* End PBXProject section */

/* Begin PBXResourcesBuildPhase section */
		21AD114F275407060033C7EF /* Resources */ = {
			isa = PBXResourcesBuildPhase;
			buildActionMask = 2147483647;
			files = (
				21AD1161275407060033C7EF /* LaunchScreen.storyboard in Resources */,
				214F54D42755A1B000901C56 /* aAlloyInk.ttf in Resources */,
				21AD115E275407060033C7EF /* Assets.xcassets in Resources */,
			);
			runOnlyForDeploymentPostprocessing = 0;
		};
/* End PBXResourcesBuildPhase section */

/* Begin PBXSourcesBuildPhase section */
		21AD114D275407060033C7EF /* Sources */ = {
			isa = PBXSourcesBuildPhase;
			buildActionMask = 2147483647;
			files = (
				214F54D12755A15B00901C56 /* TextLogo.swift in Sources */,
				214AF21B2763F357003F2546 /* HomeViewModel.swift in Sources */,
				214AF2152763E8DA003F2546 /* WebViewController.swift in Sources */,
				214AF22127642A1D003F2546 /* UITextField+Ext.swift in Sources */,
				21AD1159275407060033C7EF /* HomeViewController.swift in Sources */,
				21885C91276821A000B94A65 /* UIImage+Ext.swift in Sources */,
				214AF22327642BF2003F2546 /* UIButton+Ext.swift in Sources */,
				214AF22527643213003F2546 /* UILabel+Ext.swift in Sources */,
				214AF21F2763F920003F2546 /* HistoryViewController.swift in Sources */,
				214F54DF2755AD6000901C56 /* SegmentedControl.swift in Sources */,
				21885C8F27681C1600B94A65 /* UIEdgeInsets+Ext.swift in Sources */,
				214F54DC2755AAC000901C56 /* UIView+Ext.swift in Sources */,
				21AD1155275407060033C7EF /* AppDelegate.swift in Sources */,
				21AD1157275407060033C7EF /* SceneDelegate.swift in Sources */,
				214AF21D2763F8FE003F2546 /* MobileViewController.swift in Sources */,
				21AD7C68277CE9B40036DC0D /* InputGatheringViewController.swift in Sources */,
				21ECE593275D8EA100364631 /* SegmentedControl+Accessory.swift in Sources */,
				21885C8A276816EE00B94A65 /* InputPreviewViewController.swift in Sources */,
				214F54CD2755A07B00901C56 /* AppAppearance.swift in Sources */,
				21029303278133170010777D /* InputGatheringViewModel.swift in Sources */,
				21885C8D276817BC00B94A65 /* InputPreviewViewModel.swift in Sources */,
				214AF2172763E949003F2546 /* HomeOptionCell.swift in Sources */,
			);
			runOnlyForDeploymentPostprocessing = 0;
		};
/* End PBXSourcesBuildPhase section */

/* Begin PBXVariantGroup section */
		21AD115F275407060033C7EF /* LaunchScreen.storyboard */ = {
			isa = PBXVariantGroup;
			children = (
				21AD1160275407060033C7EF /* Base */,
			);
			name = LaunchScreen.storyboard;
			sourceTree = "<group>";
		};
/* End PBXVariantGroup section */

/* Begin XCBuildConfiguration section */
		21AD1163275407060033C7EF /* Debug */ = {
			isa = XCBuildConfiguration;
			buildSettings = {
				ALWAYS_SEARCH_USER_PATHS = NO;
				CLANG_ANALYZER_NONNULL = YES;
				CLANG_ANALYZER_NUMBER_OBJECT_CONVERSION = YES_AGGRESSIVE;
				CLANG_CXX_LANGUAGE_STANDARD = "gnu++14";
				CLANG_CXX_LIBRARY = "libc++";
				CLANG_ENABLE_MODULES = YES;
				CLANG_ENABLE_OBJC_ARC = YES;
				CLANG_ENABLE_OBJC_WEAK = YES;
				CLANG_WARN_BLOCK_CAPTURE_AUTORELEASING = YES;
				CLANG_WARN_BOOL_CONVERSION = YES;
				CLANG_WARN_COMMA = YES;
				CLANG_WARN_CONSTANT_CONVERSION = YES;
				CLANG_WARN_DEPRECATED_OBJC_IMPLEMENTATIONS = YES;
				CLANG_WARN_DIRECT_OBJC_ISA_USAGE = YES_ERROR;
				CLANG_WARN_DOCUMENTATION_COMMENTS = YES;
				CLANG_WARN_EMPTY_BODY = YES;
				CLANG_WARN_ENUM_CONVERSION = YES;
				CLANG_WARN_INFINITE_RECURSION = YES;
				CLANG_WARN_INT_CONVERSION = YES;
				CLANG_WARN_NON_LITERAL_NULL_CONVERSION = YES;
				CLANG_WARN_OBJC_IMPLICIT_RETAIN_SELF = YES;
				CLANG_WARN_OBJC_LITERAL_CONVERSION = YES;
				CLANG_WARN_OBJC_ROOT_CLASS = YES_ERROR;
				CLANG_WARN_QUOTED_INCLUDE_IN_FRAMEWORK_HEADER = YES;
				CLANG_WARN_RANGE_LOOP_ANALYSIS = YES;
				CLANG_WARN_STRICT_PROTOTYPES = YES;
				CLANG_WARN_SUSPICIOUS_MOVE = YES;
				CLANG_WARN_UNGUARDED_AVAILABILITY = YES_AGGRESSIVE;
				CLANG_WARN_UNREACHABLE_CODE = YES;
				CLANG_WARN__DUPLICATE_METHOD_MATCH = YES;
				COPY_PHASE_STRIP = NO;
				DEBUG_INFORMATION_FORMAT = dwarf;
				ENABLE_STRICT_OBJC_MSGSEND = YES;
				ENABLE_TESTABILITY = YES;
				GCC_C_LANGUAGE_STANDARD = gnu11;
				GCC_DYNAMIC_NO_PIC = NO;
				GCC_NO_COMMON_BLOCKS = YES;
				GCC_OPTIMIZATION_LEVEL = 0;
				GCC_PREPROCESSOR_DEFINITIONS = (
					"DEBUG=1",
					"$(inherited)",
				);
				GCC_WARN_64_TO_32_BIT_CONVERSION = YES;
				GCC_WARN_ABOUT_RETURN_TYPE = YES_ERROR;
				GCC_WARN_UNDECLARED_SELECTOR = YES;
				GCC_WARN_UNINITIALIZED_AUTOS = YES_AGGRESSIVE;
				GCC_WARN_UNUSED_FUNCTION = YES;
				GCC_WARN_UNUSED_VARIABLE = YES;
				IPHONEOS_DEPLOYMENT_TARGET = 14.5;
				MTL_ENABLE_DEBUG_INFO = INCLUDE_SOURCE;
				MTL_FAST_MATH = YES;
				ONLY_ACTIVE_ARCH = YES;
				SDKROOT = iphoneos;
				SWIFT_ACTIVE_COMPILATION_CONDITIONS = DEBUG;
				SWIFT_OPTIMIZATION_LEVEL = "-Onone";
			};
			name = Debug;
		};
		21AD1164275407060033C7EF /* Release */ = {
			isa = XCBuildConfiguration;
			buildSettings = {
				ALWAYS_SEARCH_USER_PATHS = NO;
				CLANG_ANALYZER_NONNULL = YES;
				CLANG_ANALYZER_NUMBER_OBJECT_CONVERSION = YES_AGGRESSIVE;
				CLANG_CXX_LANGUAGE_STANDARD = "gnu++14";
				CLANG_CXX_LIBRARY = "libc++";
				CLANG_ENABLE_MODULES = YES;
				CLANG_ENABLE_OBJC_ARC = YES;
				CLANG_ENABLE_OBJC_WEAK = YES;
				CLANG_WARN_BLOCK_CAPTURE_AUTORELEASING = YES;
				CLANG_WARN_BOOL_CONVERSION = YES;
				CLANG_WARN_COMMA = YES;
				CLANG_WARN_CONSTANT_CONVERSION = YES;
				CLANG_WARN_DEPRECATED_OBJC_IMPLEMENTATIONS = YES;
				CLANG_WARN_DIRECT_OBJC_ISA_USAGE = YES_ERROR;
				CLANG_WARN_DOCUMENTATION_COMMENTS = YES;
				CLANG_WARN_EMPTY_BODY = YES;
				CLANG_WARN_ENUM_CONVERSION = YES;
				CLANG_WARN_INFINITE_RECURSION = YES;
				CLANG_WARN_INT_CONVERSION = YES;
				CLANG_WARN_NON_LITERAL_NULL_CONVERSION = YES;
				CLANG_WARN_OBJC_IMPLICIT_RETAIN_SELF = YES;
				CLANG_WARN_OBJC_LITERAL_CONVERSION = YES;
				CLANG_WARN_OBJC_ROOT_CLASS = YES_ERROR;
				CLANG_WARN_QUOTED_INCLUDE_IN_FRAMEWORK_HEADER = YES;
				CLANG_WARN_RANGE_LOOP_ANALYSIS = YES;
				CLANG_WARN_STRICT_PROTOTYPES = YES;
				CLANG_WARN_SUSPICIOUS_MOVE = YES;
				CLANG_WARN_UNGUARDED_AVAILABILITY = YES_AGGRESSIVE;
				CLANG_WARN_UNREACHABLE_CODE = YES;
				CLANG_WARN__DUPLICATE_METHOD_MATCH = YES;
				COPY_PHASE_STRIP = NO;
				DEBUG_INFORMATION_FORMAT = "dwarf-with-dsym";
				ENABLE_NS_ASSERTIONS = NO;
				ENABLE_STRICT_OBJC_MSGSEND = YES;
				GCC_C_LANGUAGE_STANDARD = gnu11;
				GCC_NO_COMMON_BLOCKS = YES;
				GCC_WARN_64_TO_32_BIT_CONVERSION = YES;
				GCC_WARN_ABOUT_RETURN_TYPE = YES_ERROR;
				GCC_WARN_UNDECLARED_SELECTOR = YES;
				GCC_WARN_UNINITIALIZED_AUTOS = YES_AGGRESSIVE;
				GCC_WARN_UNUSED_FUNCTION = YES;
				GCC_WARN_UNUSED_VARIABLE = YES;
				IPHONEOS_DEPLOYMENT_TARGET = 14.5;
				MTL_ENABLE_DEBUG_INFO = NO;
				MTL_FAST_MATH = YES;
				SDKROOT = iphoneos;
				SWIFT_COMPILATION_MODE = wholemodule;
				SWIFT_OPTIMIZATION_LEVEL = "-O";
				VALIDATE_PRODUCT = YES;
			};
			name = Release;
		};
		21AD1166275407060033C7EF /* Debug */ = {
			isa = XCBuildConfiguration;
			buildSettings = {
				ASSETCATALOG_COMPILER_APPICON_NAME = AppIcon;
				ASSETCATALOG_COMPILER_GLOBAL_ACCENT_COLOR_NAME = AccentColor;
				CODE_SIGN_STYLE = Automatic;
				DEVELOPMENT_TEAM = M765B92TDY;
				INFOPLIST_FILE = OctoDollop/Info.plist;
				LD_RUNPATH_SEARCH_PATHS = (
					"$(inherited)",
					"@executable_path/Frameworks",
				);
				PRODUCT_BUNDLE_IDENTIFIER = com.albertosamele.OctoDollop;
				PRODUCT_NAME = "$(TARGET_NAME)";
				SWIFT_VERSION = 5.0;
				TARGETED_DEVICE_FAMILY = "1,2";
			};
			name = Debug;
		};
		21AD1167275407060033C7EF /* Release */ = {
			isa = XCBuildConfiguration;
			buildSettings = {
				ASSETCATALOG_COMPILER_APPICON_NAME = AppIcon;
				ASSETCATALOG_COMPILER_GLOBAL_ACCENT_COLOR_NAME = AccentColor;
				CODE_SIGN_STYLE = Automatic;
				DEVELOPMENT_TEAM = M765B92TDY;
				INFOPLIST_FILE = OctoDollop/Info.plist;
				LD_RUNPATH_SEARCH_PATHS = (
					"$(inherited)",
					"@executable_path/Frameworks",
				);
				PRODUCT_BUNDLE_IDENTIFIER = com.albertosamele.OctoDollop;
				PRODUCT_NAME = "$(TARGET_NAME)";
				SWIFT_VERSION = 5.0;
				TARGETED_DEVICE_FAMILY = "1,2";
			};
			name = Release;
		};
/* End XCBuildConfiguration section */

/* Begin XCConfigurationList section */
		21AD114C275407060033C7EF /* Build configuration list for PBXProject "OctoDollop" */ = {
			isa = XCConfigurationList;
			buildConfigurations = (
				21AD1163275407060033C7EF /* Debug */,
				21AD1164275407060033C7EF /* Release */,
			);
			defaultConfigurationIsVisible = 0;
			defaultConfigurationName = Release;
		};
		21AD1165275407060033C7EF /* Build configuration list for PBXNativeTarget "OctoDollop" */ = {
			isa = XCConfigurationList;
			buildConfigurations = (
				21AD1166275407060033C7EF /* Debug */,
				21AD1167275407060033C7EF /* Release */,
			);
			defaultConfigurationIsVisible = 0;
			defaultConfigurationName = Release;
		};
/* End XCConfigurationList section */
	};
	rootObject = 21AD1149275407060033C7EF /* Project object */;
}
